
Microsoft Visual Studio Solution File, Format Version 12.00
# Visual Studio Version 17
VisualStudioVersion = 17.7.34031.279
MinimumVisualStudioVersion = 10.0.40219.1
Project("{FAE04EC0-301F-11D3-BF4B-00C04F79EFBC}") = "ApiGardilcic", "ApiGardilcic\ApiGardilcic.csproj", "{3938B567-B68E-4DBE-BBF6-9260EC305C57}"
EndProject
Global
	GlobalSection(SolutionConfigurationPlatforms) = preSolution
		Debug|Any CPU = Debug|Any CPU
		Release|Any CPU = Release|Any CPU
	EndGlobalSection
	GlobalSection(ProjectConfigurationPlatforms) = postSolution
		{3938B567-B68E-4DBE-BBF6-9260EC305C57}.Debug|Any CPU.ActiveCfg = Debug|Any CPU
		{3938B567-B68E-4DBE-BBF6-9260EC305C57}.Debug|Any CPU.Build.0 = Debug|Any CPU
		{3938B567-B68E-4DBE-BBF6-9260EC305C57}.Release|Any CPU.ActiveCfg = Release|Any CPU
		{3938B567-B68E-4DBE-BBF6-9260EC305C57}.Release|Any CPU.Build.0 = Release|Any CPU
	EndGlobalSection
	GlobalSection(SolutionProperties) = preSolution
		HideSolutionNode = FALSE
	EndGlobalSection
	GlobalSection(ExtensibilityGlobals) = postSolution
		SolutionGuid = {31A2CC25-1180-4240-AFBC-91865EAD62A4}
	EndGlobalSection
EndGlobal
